<?xml version="1.0" encoding="utf-8"?>
<Project ToolsVersion="4.0" xmlns="http://schemas.microsoft.com/developer/msbuild/2003">
  <ItemGroup>
    <Filter Include="Source Files">
      <UniqueIdentifier>{4FC737F1-C7A5-4376-A066-2A32D752A2FF}</UniqueIdentifier>
      <Extensions>cpp;c;cc;cxx;def;odl;idl;hpj;bat;asm;asmx</Extensions>
    </Filter>
    <Filter Include="Header Files">
      <UniqueIdentifier>{93995380-89BD-4b04-88EB-625FBE52EBFB}</UniqueIdentifier>
      <Extensions>h;hh;hpp;hxx;hm;inl;inc;xsd</Extensions>
    </Filter>
    <Filter Include="Resource Files">
      <UniqueIdentifier>{D9D6E242-F8AF-46E4-B9FD-80ECBC20BA3E}</UniqueIdentifier>
      <Extensions>qrc;*</Extensions>
      <ParseFiles>false</ParseFiles>
    </Filter>
    <Filter Include="Form Files">
      <UniqueIdentifier>{99349809-55BA-4b9d-BF79-8FDBB0286EB3}</UniqueIdentifier>
      <Extensions>ui</Extensions>
    </Filter>
    <Filter Include="Resource Files">
      <UniqueIdentifier>{D9D6E242-F8AF-46E4-B9FD-80ECBC20BA3E}</UniqueIdentifier>
      <Extensions>qrc;*</Extensions>
      <ParseFiles>false</ParseFiles>
    </Filter>
    <Filter Include="Generated Files">
      <UniqueIdentifier>{71ED8ED8-ACB9-4CE9-BBE1-E00B30144E11}</UniqueIdentifier>
      <Extensions>moc;h;cpp</Extensions>
      <SourceControlFiles>False</SourceControlFiles>
    </Filter>
    <Filter Include="BooksClasses">
      <UniqueIdentifier>{746a5ed3-0b17-4c30-bedf-e3a8afcbac52}</UniqueIdentifier>
    </Filter>
    <Filter Include="Serialitzation">
      <UniqueIdentifier>{b351ef0b-f3d0-4faf-b149-2486fc134d14}</UniqueIdentifier>
    </Filter>
    <Filter Include="CustomWidgets">
      <UniqueIdentifier>{0e8b9977-6ca5-43fd-a889-99d8ef004a23}</UniqueIdentifier>
    </Filter>
  </ItemGroup>
  <ItemGroup>
    <ClCompile Include="main.cpp">
      <Filter>Source Files</Filter>
    </ClCompile>
    <ClCompile Include="stdafx.cpp">
      <Filter>Source Files</Filter>
    </ClCompile>
    <ClCompile Include="NewMsBooksQt.cpp">
      <Filter>Source Files</Filter>
    </ClCompile>
    <ClCompile Include="TheSerializationClass.cpp">
      <Filter>Serialitzation</Filter>
    </ClCompile>
    <ClCompile Include="MassoudBooksSr.pb.cc">
      <Filter>Serialitzation</Filter>
    </ClCompile>
    <ClCompile Include="Books.cpp">
      <Filter>BooksClasses</Filter>
    </ClCompile>
    <ClCompile Include="Disturbuter.cpp">
      <Filter>Source Files</Filter>
    </ClCompile>
  </ItemGroup>
  <ItemGroup>
    <ClInclude Include="stdafx.h">
      <Filter>Header Files</Filter>
    </ClInclude>
    <ClInclude Include="Book.h">
      <Filter>BooksClasses</Filter>
    </ClInclude>
    <ClInclude Include="MassoudBooksSr.pb.h">
      <Filter>Serialitzation</Filter>
    </ClInclude>
    <ClInclude Include="TheSerializationClass.h">
      <Filter>Serialitzation</Filter>
    </ClInclude>
    <ClInclude Include="Books.h">
      <Filter>BooksClasses</Filter>
    </ClInclude>
  </ItemGroup>
  <ItemGroup>
    <QtMoc Include="NewMsBooksQt.h">
      <Filter>Header Files</Filter>
    </QtMoc>
    <QtMoc Include="Disturbuter.h">
      <Filter>Header Files</Filter>
    </QtMoc>
  </ItemGroup>
  <ItemGroup>
    <QtUic Include="NewMsBooksQt.ui">
      <Filter>Form Files</Filter>
    </QtUic>
  </ItemGroup>
  <ItemGroup>
    <QtRcc Include="NewMsBooksQt.qrc">
      <Filter>Resource Files</Filter>
    </QtRcc>
  </ItemGroup>
</Project>